<?xml version="1.0" encoding="utf-8"?>
<Project ToolsVersion="4.0" xmlns="http://schemas.microsoft.com/developer/msbuild/2003">
  <ItemGroup>
    <Filter Include="Source Files">
      <UniqueIdentifier>{4FC737F1-C7A5-4376-A066-2A32D752A2FF}</UniqueIdentifier>
      <Extensions>cpp;c;cc;cxx;c++;cppm;ixx;def;odl;idl;hpj;bat;asm;asmx</Extensions>
    </Filter>
    <Filter Include="Header Files">
      <UniqueIdentifier>{93995380-89BD-4b04-88EB-625FBE52EBFB}</UniqueIdentifier>
      <Extensions>h;hh;hpp;hxx;h++;hm;inl;inc;ipp;xsd</Extensions>
    </Filter>
    <Filter Include="Resource Files">
      <UniqueIdentifier>{67DA6AB6-F800-4c08-8B7A-83BB121AAD01}</UniqueIdentifier>
      <Extensions>rc;ico;cur;bmp;dlg;rc2;rct;bin;rgs;gif;jpg;jpeg;jpe;resx;tiff;tif;png;wav;mfcribbon-ms</Extensions>
    </Filter>
  </ItemGroup>
  <ItemGroup>
    <ClCompile Include="..\glad\src\glad.c">
      <Filter>Source Files</Filter>
    </ClCompile>
    <ClCompile Include="main.cpp">
      <Filter>Source Files</Filter>
    </ClCompile>
    <ClCompile Include="two_triangles.cpp">
      <Filter>Source Files</Filter>
    </ClCompile>
    <ClCompile Include="two_triangles_diff_vao_vbo.cpp">
      <Filter>Source Files</Filter>
    </ClCompile>
    <ClCompile Include="shaders.cpp">
      <Filter>Source Files</Filter>
    </ClCompile>
    <ClCompile Include="textures.cpp">
      <Filter>Source Files</Filter>
    </ClCompile>
    <ClCompile Include="matrixes.cpp">
      <Filter>Source Files</Filter>
    </ClCompile>
    <ClCompile Include="camera.cpp">
      <Filter>Source Files</Filter>
    </ClCompile>
    <ClCompile Include="12_colors.cpp">
      <Filter>Source Files</Filter>
    </ClCompile>
    <ClCompile Include="14_materials.cpp">
      <Filter>Source Files</Filter>
    </ClCompile>
    <ClCompile Include="15_lightning_maps.cpp">
      <Filter>Source Files</Filter>
    </ClCompile>
    <ClCompile Include="16_lightning_casters.cpp">
      <Filter>Source Files</Filter>
    </ClCompile>
    <ClCompile Include="17_multiple_lights.cpp">
      <Filter>Source Files</Filter>
    </ClCompile>
    <ClCompile Include="model_loading_backpack.cpp">
      <Filter>Source Files</Filter>
    </ClCompile>
    <ClCompile Include="my_scene.cpp">
      <Filter>Source Files</Filter>
    </ClCompile>
  </ItemGroup>
  <ItemGroup>
    <Image Include="..\recource\textures\pink-stone-texture-paint.jpg">
      <Filter>Resource Files</Filter>
    </Image>
    <Image Include="..\recource\textures\cat-face.png">
      <Filter>Resource Files</Filter>
    </Image>
    <Image Include="..\recource\textures\wooden_container.png">
      <Filter>Resource Files</Filter>
    </Image>
    <Image Include="..\recource\textures\wooden_container_specular.png">
      <Filter>Resource Files</Filter>
    </Image>
    <Image Include="..\recource\textures\emission_map_digitals.jpg">
      <Filter>Resource Files</Filter>
    </Image>
    <Image Include="..\recource\textures\floor_texture.jpg">
      <Filter>Resource Files</Filter>
    </Image>
    <Image Include="..\recource\textures\sun_texture.jpg">
      <Filter>Resource Files</Filter>
    </Image>
    <Image Include="..\recource\textures\grass.jpg">
      <Filter>Resource Files</Filter>
    </Image>
  </ItemGroup>
</Project>